// !$*UTF8*$!
{
	archiveVersion = 1;
	classes = {
	};
	objectVersion = 51;
	objects = {

/* Begin PBXBuildFile section */
		2F0A1555259D7CB300D16BD4 /* MapViewController.swift in Sources */ = {isa = PBXBuildFile; fileRef = 2F0A1554259D7CB300D16BD4 /* MapViewController.swift */; };
		2F0A61AA2591E3690006BFE9 /* TrainingViewController.swift in Sources */ = {isa = PBXBuildFile; fileRef = 2F0A61A92591E3690006BFE9 /* TrainingViewController.swift */; };
		2F0A61AE2591E3880006BFE9 /* DiaryViewController.swift in Sources */ = {isa = PBXBuildFile; fileRef = 2F0A61AD2591E3880006BFE9 /* DiaryViewController.swift */; };
		2F0A61B12591E39D0006BFE9 /* AccountViewController.swift in Sources */ = {isa = PBXBuildFile; fileRef = 2F0A61B02591E39D0006BFE9 /* AccountViewController.swift */; };
		2F0A61B9259203740006BFE9 /* TrainingModeSelectViewController.swift in Sources */ = {isa = PBXBuildFile; fileRef = 2F0A61B8259203740006BFE9 /* TrainingModeSelectViewController.swift */; };
		2F0A61BD25920E340006BFE9 /* TrainingModeCellTableViewCell.swift in Sources */ = {isa = PBXBuildFile; fileRef = 2F0A61BC25920E340006BFE9 /* TrainingModeCellTableViewCell.swift */; };
		2F1DDE6D25A788F000FAC05E /* UIImage+Resize.swift in Sources */ = {isa = PBXBuildFile; fileRef = 2F1DDE6C25A788F000FAC05E /* UIImage+Resize.swift */; };
		2F202A2625A551CB0093CD73 /* MoodViewController.swift in Sources */ = {isa = PBXBuildFile; fileRef = 2F202A2525A551CB0093CD73 /* MoodViewController.swift */; };
		2F202A2A25A55CBC0093CD73 /* MoodViewCollectionViewCell.swift in Sources */ = {isa = PBXBuildFile; fileRef = 2F202A2925A55CBC0093CD73 /* MoodViewCollectionViewCell.swift */; };
		2F2346172599CD8500A6B5AB /* ReduceTimeCellTableViewCell.swift in Sources */ = {isa = PBXBuildFile; fileRef = 2F2346162599CD8500A6B5AB /* ReduceTimeCellTableViewCell.swift */; };
		2F2D15072594B3FA00CE6522 /* ReduceTimeViewController.swift in Sources */ = {isa = PBXBuildFile; fileRef = 2F2D15062594B3FA00CE6522 /* ReduceTimeViewController.swift */; };
		2F2D150B2594B9F800CE6522 /* ReduceTimeBreathViewController.swift in Sources */ = {isa = PBXBuildFile; fileRef = 2F2D150A2594B9F800CE6522 /* ReduceTimeBreathViewController.swift */; };
		2F2D15122595774D00CE6522 /* ColorExtension.swift in Sources */ = {isa = PBXBuildFile; fileRef = 2F2D15112595774D00CE6522 /* ColorExtension.swift */; };
		2F435DCA258C4A8B00AB02B8 /* AppDelegate.swift in Sources */ = {isa = PBXBuildFile; fileRef = 2F435DC9258C4A8B00AB02B8 /* AppDelegate.swift */; };
		2F435DCC258C4A8B00AB02B8 /* SceneDelegate.swift in Sources */ = {isa = PBXBuildFile; fileRef = 2F435DCB258C4A8B00AB02B8 /* SceneDelegate.swift */; };
		2F435DCE258C4A8B00AB02B8 /* ViewController.swift in Sources */ = {isa = PBXBuildFile; fileRef = 2F435DCD258C4A8B00AB02B8 /* ViewController.swift */; };
		2F435DD1258C4A8B00AB02B8 /* Main.storyboard in Resources */ = {isa = PBXBuildFile; fileRef = 2F435DCF258C4A8B00AB02B8 /* Main.storyboard */; };
		2F435DD3258C4A8D00AB02B8 /* Assets.xcassets in Resources */ = {isa = PBXBuildFile; fileRef = 2F435DD2258C4A8D00AB02B8 /* Assets.xcassets */; };
		2F435DD6258C4A8D00AB02B8 /* LaunchScreen.storyboard in Resources */ = {isa = PBXBuildFile; fileRef = 2F435DD4258C4A8D00AB02B8 /* LaunchScreen.storyboard */; };
		2F435DE8258C541B00AB02B8 /* GDriveManager.swift in Sources */ = {isa = PBXBuildFile; fileRef = 2F435DE7258C541B00AB02B8 /* GDriveManager.swift */; };
		2F435DEB258C548200AB02B8 /* LogInViewController.swift in Sources */ = {isa = PBXBuildFile; fileRef = 2F435DEA258C548200AB02B8 /* LogInViewController.swift */; };
		2F435DF3258C5CF100AB02B8 /* orgbundID in Resources */ = {isa = PBXBuildFile; fileRef = 2F435DF2258C5CF100AB02B8 /* orgbundID */; };
		2F435DFF258C85AB00AB02B8 /* FacebookLogInManager.swift in Sources */ = {isa = PBXBuildFile; fileRef = 2F435DFE258C85AB00AB02B8 /* FacebookLogInManager.swift */; };
		2F4C8E57259C5C5B00F551C8 /* DiaryAddNoteViewController.swift in Sources */ = {isa = PBXBuildFile; fileRef = 2F4C8E56259C5C5B00F551C8 /* DiaryAddNoteViewController.swift */; };
		2F6C301D25ABE73100F8A123 /* EquipViewController.swift in Sources */ = {isa = PBXBuildFile; fileRef = 2F6C301C25ABE73100F8A123 /* EquipViewController.swift */; };
		2F7049DF25A32A97007B7543 /* DiaryNoteSetViewController.swift in Sources */ = {isa = PBXBuildFile; fileRef = 2F7049DE25A32A97007B7543 /* DiaryNoteSetViewController.swift */; };
		2F79340F25A04B1E00D70772 /* RTCounterViewController.swift in Sources */ = {isa = PBXBuildFile; fileRef = 2F79340E25A04B1E00D70772 /* RTCounterViewController.swift */; };
		2F79341225A04B9800D70772 /* CircleUIView.swift in Sources */ = {isa = PBXBuildFile; fileRef = 2F79341125A04B9800D70772 /* CircleUIView.swift */; };
		2F79341C25A1B3C500D70772 /* HistoryViewController.swift in Sources */ = {isa = PBXBuildFile; fileRef = 2F79341B25A1B3C500D70772 /* HistoryViewController.swift */; };
		2F79342525A1B55800D70772 /* TimelineTableViewCell.swift in Sources */ = {isa = PBXBuildFile; fileRef = 2F79341F25A1B55800D70772 /* TimelineTableViewCell.swift */; };
		2F79342625A1B55800D70772 /* Timeline.swift in Sources */ = {isa = PBXBuildFile; fileRef = 2F79342025A1B55800D70772 /* Timeline.swift */; };
		2F79342725A1B55800D70772 /* TimelinePoint.swift in Sources */ = {isa = PBXBuildFile; fileRef = 2F79342225A1B55800D70772 /* TimelinePoint.swift */; };
		2F79342825A1B55800D70772 /* TimelineTableViewCell.xib in Resources */ = {isa = PBXBuildFile; fileRef = 2F79342325A1B55800D70772 /* TimelineTableViewCell.xib */; };
		2F8A40F2259AE24E007274DD /* SubFunctions.swift in Sources */ = {isa = PBXBuildFile; fileRef = 2F8A40F1259AE24E007274DD /* SubFunctions.swift */; };
		2F8A40FB259B04A3007274DD /* NotificationName.swift in Sources */ = {isa = PBXBuildFile; fileRef = 2F8A40FA259B04A3007274DD /* NotificationName.swift */; };
		2F9B575725A45F1300F527CC /* WeatherViewController.swift in Sources */ = {isa = PBXBuildFile; fileRef = 2F9B575625A45F1300F527CC /* WeatherViewController.swift */; };
		2F9B575A25A470FC00F527CC /* Datas.swift in Sources */ = {isa = PBXBuildFile; fileRef = 2F9B575925A470FC00F527CC /* Datas.swift */; };
		2F9B575D25A4717200F527CC /* JsonDecode.swift in Sources */ = {isa = PBXBuildFile; fileRef = 2F9B575C25A4717200F527CC /* JsonDecode.swift */; };
		2FA2A37D259C1D39005CDA80 /* DiaryCellTableViewCell.swift in Sources */ = {isa = PBXBuildFile; fileRef = 2FA2A37C259C1D39005CDA80 /* DiaryCellTableViewCell.swift */; };
		2FC400D725AD3673003B9405 /* clockLottie.json in Resources */ = {isa = PBXBuildFile; fileRef = 2FC400D625AD3673003B9405 /* clockLottie.json */; };
		2FC556CF25A38DAF001F7876 /* DiaryMyCollectionViewCell.swift in Sources */ = {isa = PBXBuildFile; fileRef = 2FC556CE25A38DAF001F7876 /* DiaryMyCollectionViewCell.swift */; };
		2FCC0E5F259A69B400A47376 /* TrainingModeCell2TableViewCell.swift in Sources */ = {isa = PBXBuildFile; fileRef = 2FCC0E5E259A69B400A47376 /* TrainingModeCell2TableViewCell.swift */; };
		2FDFF68E2597927A0022C0F2 /* RTCellTableViewCell.swift in Sources */ = {isa = PBXBuildFile; fileRef = 2FDFF68D2597927A0022C0F2 /* RTCellTableViewCell.swift */; };
		2FDFF69225979C5E0022C0F2 /* Model.xcdatamodeld in Sources */ = {isa = PBXBuildFile; fileRef = 2FDFF69025979C5E0022C0F2 /* Model.xcdatamodeld */; };
		2FDFF69925979D630022C0F2 /* TableData.swift in Sources */ = {isa = PBXBuildFile; fileRef = 2FDFF69825979D630022C0F2 /* TableData.swift */; };
		2FDFF69D2597C1780022C0F2 /* TextExtension.swift in Sources */ = {isa = PBXBuildFile; fileRef = 2FDFF69C2597C1780022C0F2 /* TextExtension.swift */; };
		2FE429AE25ACA5F700C66503 /* thermometer.json in Resources */ = {isa = PBXBuildFile; fileRef = 2FE429AD25ACA5F700C66503 /* thermometer.json */; };
		2FF419FE25957CDE006B01AC /* ReduceStepViewController.swift in Sources */ = {isa = PBXBuildFile; fileRef = 2FF419FD25957CDE006B01AC /* ReduceStepViewController.swift */; };
		2FF41A0125957CF4006B01AC /* ReduceStepBreathViewController.swift in Sources */ = {isa = PBXBuildFile; fileRef = 2FF41A0025957CF4006B01AC /* ReduceStepBreathViewController.swift */; };
		2FF41A112595807B006B01AC /* CoreDataHelper.swift in Sources */ = {isa = PBXBuildFile; fileRef = 2FF41A102595807B006B01AC /* CoreDataHelper.swift */; };
		2FF41A1425958198006B01AC /* RTTimerViewController.swift in Sources */ = {isa = PBXBuildFile; fileRef = 2FF41A1325958198006B01AC /* RTTimerViewController.swift */; };
		2FF41A17259581AF006B01AC /* RTBTimerViewController.swift in Sources */ = {isa = PBXBuildFile; fileRef = 2FF41A16259581AE006B01AC /* RTBTimerViewController.swift */; };
		2FF41A1A259581BD006B01AC /* RSTimerViewController.swift in Sources */ = {isa = PBXBuildFile; fileRef = 2FF41A19259581BD006B01AC /* RSTimerViewController.swift */; };
		2FF41A1D259581CF006B01AC /* RSBTimerViewController.swift in Sources */ = {isa = PBXBuildFile; fileRef = 2FF41A1C259581CF006B01AC /* RSBTimerViewController.swift */; };
		2FF41A2625958E50006B01AC /* RTSetViewController.swift in Sources */ = {isa = PBXBuildFile; fileRef = 2FF41A2525958E50006B01AC /* RTSetViewController.swift */; };
		D4D679F46FAB5659703E55B0 /* Pods_ezFreeDiveTrainer_2.framework in Frameworks */ = {isa = PBXBuildFile; fileRef = 692980BF67F6D1A7C0F26DDF /* Pods_ezFreeDiveTrainer_2.framework */; };
/* End PBXBuildFile section */

/* Begin PBXFileReference section */
		117AB83AEA8FAE734314CB2E /* Pods-ezFreeDiveTrainer_2.debug.xcconfig */ = {isa = PBXFileReference; includeInIndex = 1; lastKnownFileType = text.xcconfig; name = "Pods-ezFreeDiveTrainer_2.debug.xcconfig"; path = "Target Support Files/Pods-ezFreeDiveTrainer_2/Pods-ezFreeDiveTrainer_2.debug.xcconfig"; sourceTree = "<group>"; };
		2F0A1554259D7CB300D16BD4 /* MapViewController.swift */ = {isa = PBXFileReference; lastKnownFileType = sourcecode.swift; name = MapViewController.swift; path = ../MapViewController.swift; sourceTree = "<group>"; };
		2F0A61A92591E3690006BFE9 /* TrainingViewController.swift */ = {isa = PBXFileReference; lastKnownFileType = sourcecode.swift; path = TrainingViewController.swift; sourceTree = "<group>"; };
		2F0A61AD2591E3880006BFE9 /* DiaryViewController.swift */ = {isa = PBXFileReference; lastKnownFileType = sourcecode.swift; path = DiaryViewController.swift; sourceTree = "<group>"; };
		2F0A61B02591E39D0006BFE9 /* AccountViewController.swift */ = {isa = PBXFileReference; lastKnownFileType = sourcecode.swift; path = AccountViewController.swift; sourceTree = "<group>"; };
		2F0A61B8259203740006BFE9 /* TrainingModeSelectViewController.swift */ = {isa = PBXFileReference; lastKnownFileType = sourcecode.swift; path = TrainingModeSelectViewController.swift; sourceTree = "<group>"; };
		2F0A61BC25920E340006BFE9 /* TrainingModeCellTableViewCell.swift */ = {isa = PBXFileReference; lastKnownFileType = sourcecode.swift; path = TrainingModeCellTableViewCell.swift; sourceTree = "<group>"; };
		2F1DDE6C25A788F000FAC05E /* UIImage+Resize.swift */ = {isa = PBXFileReference; fileEncoding = 4; lastKnownFileType = sourcecode.swift; path = "UIImage+Resize.swift"; sourceTree = "<group>"; };
		2F202A2525A551CB0093CD73 /* MoodViewController.swift */ = {isa = PBXFileReference; lastKnownFileType = sourcecode.swift; path = MoodViewController.swift; sourceTree = "<group>"; };
		2F202A2925A55CBC0093CD73 /* MoodViewCollectionViewCell.swift */ = {isa = PBXFileReference; lastKnownFileType = sourcecode.swift; path = MoodViewCollectionViewCell.swift; sourceTree = "<group>"; };
		2F2346162599CD8500A6B5AB /* ReduceTimeCellTableViewCell.swift */ = {isa = PBXFileReference; lastKnownFileType = sourcecode.swift; path = ReduceTimeCellTableViewCell.swift; sourceTree = "<group>"; };
		2F24285325BAE57400739EA6 /* ezFreeDiveTrainer_2.entitlements */ = {isa = PBXFileReference; lastKnownFileType = text.plist.entitlements; path = ezFreeDiveTrainer_2.entitlements; sourceTree = "<group>"; };
		2F2D15062594B3FA00CE6522 /* ReduceTimeViewController.swift */ = {isa = PBXFileReference; lastKnownFileType = sourcecode.swift; path = ReduceTimeViewController.swift; sourceTree = "<group>"; };
		2F2D150A2594B9F800CE6522 /* ReduceTimeBreathViewController.swift */ = {isa = PBXFileReference; lastKnownFileType = sourcecode.swift; path = ReduceTimeBreathViewController.swift; sourceTree = "<group>"; };
		2F2D15112595774D00CE6522 /* ColorExtension.swift */ = {isa = PBXFileReference; lastKnownFileType = sourcecode.swift; path = ColorExtension.swift; sourceTree = "<group>"; };
		2F435DC6258C4A8B00AB02B8 /* ezFreeDiveTrainer_2.app */ = {isa = PBXFileReference; explicitFileType = wrapper.application; includeInIndex = 0; path = ezFreeDiveTrainer_2.app; sourceTree = BUILT_PRODUCTS_DIR; };
		2F435DC9258C4A8B00AB02B8 /* AppDelegate.swift */ = {isa = PBXFileReference; lastKnownFileType = sourcecode.swift; path = AppDelegate.swift; sourceTree = "<group>"; };
		2F435DCB258C4A8B00AB02B8 /* SceneDelegate.swift */ = {isa = PBXFileReference; lastKnownFileType = sourcecode.swift; path = SceneDelegate.swift; sourceTree = "<group>"; };
		2F435DCD258C4A8B00AB02B8 /* ViewController.swift */ = {isa = PBXFileReference; lastKnownFileType = sourcecode.swift; path = ViewController.swift; sourceTree = "<group>"; };
		2F435DD0258C4A8B00AB02B8 /* Base */ = {isa = PBXFileReference; lastKnownFileType = file.storyboard; name = Base; path = Base.lproj/Main.storyboard; sourceTree = "<group>"; };
		2F435DD2258C4A8D00AB02B8 /* Assets.xcassets */ = {isa = PBXFileReference; lastKnownFileType = folder.assetcatalog; path = Assets.xcassets; sourceTree = "<group>"; };
		2F435DD5258C4A8D00AB02B8 /* Base */ = {isa = PBXFileReference; lastKnownFileType = file.storyboard; name = Base; path = Base.lproj/LaunchScreen.storyboard; sourceTree = "<group>"; };
		2F435DD7258C4A8D00AB02B8 /* Info.plist */ = {isa = PBXFileReference; lastKnownFileType = text.plist.xml; path = Info.plist; sourceTree = "<group>"; };
		2F435DE7258C541B00AB02B8 /* GDriveManager.swift */ = {isa = PBXFileReference; fileEncoding = 4; lastKnownFileType = sourcecode.swift; path = GDriveManager.swift; sourceTree = "<group>"; };
		2F435DEA258C548200AB02B8 /* LogInViewController.swift */ = {isa = PBXFileReference; lastKnownFileType = sourcecode.swift; path = LogInViewController.swift; sourceTree = "<group>"; };
		2F435DF2258C5CF100AB02B8 /* orgbundID */ = {isa = PBXFileReference; lastKnownFileType = text; path = orgbundID; sourceTree = "<group>"; };
		2F435DFE258C85AB00AB02B8 /* FacebookLogInManager.swift */ = {isa = PBXFileReference; lastKnownFileType = sourcecode.swift; name = FacebookLogInManager.swift; path = LogIn/FacebookLogInManager.swift; sourceTree = "<group>"; };
		2F4C8E56259C5C5B00F551C8 /* DiaryAddNoteViewController.swift */ = {isa = PBXFileReference; lastKnownFileType = sourcecode.swift; path = DiaryAddNoteViewController.swift; sourceTree = "<group>"; };
		2F6C301C25ABE73100F8A123 /* EquipViewController.swift */ = {isa = PBXFileReference; lastKnownFileType = sourcecode.swift; path = EquipViewController.swift; sourceTree = "<group>"; };
		2F7049DE25A32A97007B7543 /* DiaryNoteSetViewController.swift */ = {isa = PBXFileReference; lastKnownFileType = sourcecode.swift; path = DiaryNoteSetViewController.swift; sourceTree = "<group>"; };
		2F79340E25A04B1E00D70772 /* RTCounterViewController.swift */ = {isa = PBXFileReference; lastKnownFileType = sourcecode.swift; path = RTCounterViewController.swift; sourceTree = "<group>"; };
		2F79341125A04B9800D70772 /* CircleUIView.swift */ = {isa = PBXFileReference; fileEncoding = 4; lastKnownFileType = sourcecode.swift; path = CircleUIView.swift; sourceTree = "<group>"; };
		2F79341B25A1B3C500D70772 /* HistoryViewController.swift */ = {isa = PBXFileReference; lastKnownFileType = sourcecode.swift; path = HistoryViewController.swift; sourceTree = "<group>"; };
		2F79341F25A1B55800D70772 /* TimelineTableViewCell.swift */ = {isa = PBXFileReference; fileEncoding = 4; lastKnownFileType = sourcecode.swift; path = TimelineTableViewCell.swift; sourceTree = "<group>"; };
		2F79342025A1B55800D70772 /* Timeline.swift */ = {isa = PBXFileReference; fileEncoding = 4; lastKnownFileType = sourcecode.swift; path = Timeline.swift; sourceTree = "<group>"; };
		2F79342125A1B55800D70772 /* TimelineTableViewCell.h */ = {isa = PBXFileReference; fileEncoding = 4; lastKnownFileType = sourcecode.c.h; path = TimelineTableViewCell.h; sourceTree = "<group>"; };
		2F79342225A1B55800D70772 /* TimelinePoint.swift */ = {isa = PBXFileReference; fileEncoding = 4; lastKnownFileType = sourcecode.swift; path = TimelinePoint.swift; sourceTree = "<group>"; };
		2F79342325A1B55800D70772 /* TimelineTableViewCell.xib */ = {isa = PBXFileReference; fileEncoding = 4; lastKnownFileType = file.xib; path = TimelineTableViewCell.xib; sourceTree = "<group>"; };
		2F8A40F1259AE24E007274DD /* SubFunctions.swift */ = {isa = PBXFileReference; lastKnownFileType = sourcecode.swift; path = SubFunctions.swift; sourceTree = "<group>"; };
		2F8A40FA259B04A3007274DD /* NotificationName.swift */ = {isa = PBXFileReference; lastKnownFileType = sourcecode.swift; path = NotificationName.swift; sourceTree = "<group>"; };
		2F9B575625A45F1300F527CC /* WeatherViewController.swift */ = {isa = PBXFileReference; lastKnownFileType = sourcecode.swift; path = WeatherViewController.swift; sourceTree = "<group>"; };
		2F9B575925A470FC00F527CC /* Datas.swift */ = {isa = PBXFileReference; lastKnownFileType = sourcecode.swift; path = Datas.swift; sourceTree = "<group>"; };
		2F9B575C25A4717200F527CC /* JsonDecode.swift */ = {isa = PBXFileReference; lastKnownFileType = sourcecode.swift; path = JsonDecode.swift; sourceTree = "<group>"; };
		2FA2A37C259C1D39005CDA80 /* DiaryCellTableViewCell.swift */ = {isa = PBXFileReference; lastKnownFileType = sourcecode.swift; path = DiaryCellTableViewCell.swift; sourceTree = "<group>"; };
		2FC400D625AD3673003B9405 /* clockLottie.json */ = {isa = PBXFileReference; fileEncoding = 4; lastKnownFileType = text.json; path = clockLottie.json; sourceTree = "<group>"; };
		2FC556CE25A38DAF001F7876 /* DiaryMyCollectionViewCell.swift */ = {isa = PBXFileReference; lastKnownFileType = sourcecode.swift; path = DiaryMyCollectionViewCell.swift; sourceTree = "<group>"; };
		2FCC0E5E259A69B400A47376 /* TrainingModeCell2TableViewCell.swift */ = {isa = PBXFileReference; lastKnownFileType = sourcecode.swift; path = TrainingModeCell2TableViewCell.swift; sourceTree = "<group>"; };
		2FDFF68D2597927A0022C0F2 /* RTCellTableViewCell.swift */ = {isa = PBXFileReference; lastKnownFileType = sourcecode.swift; path = RTCellTableViewCell.swift; sourceTree = "<group>"; };
		2FDFF69125979C5E0022C0F2 /* Model.xcdatamodel */ = {isa = PBXFileReference; lastKnownFileType = wrapper.xcdatamodel; path = Model.xcdatamodel; sourceTree = "<group>"; };
		2FDFF69825979D630022C0F2 /* TableData.swift */ = {isa = PBXFileReference; lastKnownFileType = sourcecode.swift; path = TableData.swift; sourceTree = "<group>"; };
		2FDFF69C2597C1780022C0F2 /* TextExtension.swift */ = {isa = PBXFileReference; lastKnownFileType = sourcecode.swift; path = TextExtension.swift; sourceTree = "<group>"; };
		2FE429AD25ACA5F700C66503 /* thermometer.json */ = {isa = PBXFileReference; fileEncoding = 4; lastKnownFileType = text.json; path = thermometer.json; sourceTree = "<group>"; };
		2FF419FD25957CDE006B01AC /* ReduceStepViewController.swift */ = {isa = PBXFileReference; lastKnownFileType = sourcecode.swift; path = ReduceStepViewController.swift; sourceTree = "<group>"; };
		2FF41A0025957CF4006B01AC /* ReduceStepBreathViewController.swift */ = {isa = PBXFileReference; lastKnownFileType = sourcecode.swift; path = ReduceStepBreathViewController.swift; sourceTree = "<group>"; };
		2FF41A102595807B006B01AC /* CoreDataHelper.swift */ = {isa = PBXFileReference; fileEncoding = 4; lastKnownFileType = sourcecode.swift; path = CoreDataHelper.swift; sourceTree = "<group>"; };
		2FF41A1325958198006B01AC /* RTTimerViewController.swift */ = {isa = PBXFileReference; lastKnownFileType = sourcecode.swift; path = RTTimerViewController.swift; sourceTree = "<group>"; };
		2FF41A16259581AE006B01AC /* RTBTimerViewController.swift */ = {isa = PBXFileReference; lastKnownFileType = sourcecode.swift; path = RTBTimerViewController.swift; sourceTree = "<group>"; };
		2FF41A19259581BD006B01AC /* RSTimerViewController.swift */ = {isa = PBXFileReference; lastKnownFileType = sourcecode.swift; path = RSTimerViewController.swift; sourceTree = "<group>"; };
		2FF41A1C259581CF006B01AC /* RSBTimerViewController.swift */ = {isa = PBXFileReference; lastKnownFileType = sourcecode.swift; path = RSBTimerViewController.swift; sourceTree = "<group>"; };
		2FF41A2525958E50006B01AC /* RTSetViewController.swift */ = {isa = PBXFileReference; lastKnownFileType = sourcecode.swift; path = RTSetViewController.swift; sourceTree = "<group>"; };
		692980BF67F6D1A7C0F26DDF /* Pods_ezFreeDiveTrainer_2.framework */ = {isa = PBXFileReference; explicitFileType = wrapper.framework; includeInIndex = 0; path = Pods_ezFreeDiveTrainer_2.framework; sourceTree = BUILT_PRODUCTS_DIR; };
		EF712E1D1E17CE435AD56903 /* Pods-ezFreeDiveTrainer_2.release.xcconfig */ = {isa = PBXFileReference; includeInIndex = 1; lastKnownFileType = text.xcconfig; name = "Pods-ezFreeDiveTrainer_2.release.xcconfig"; path = "Target Support Files/Pods-ezFreeDiveTrainer_2/Pods-ezFreeDiveTrainer_2.release.xcconfig"; sourceTree = "<group>"; };
/* End PBXFileReference section */

/* Begin PBXFrameworksBuildPhase section */
		2F435DC3258C4A8B00AB02B8 /* Frameworks */ = {
			isa = PBXFrameworksBuildPhase;
			buildActionMask = 2147483647;
			files = (
				D4D679F46FAB5659703E55B0 /* Pods_ezFreeDiveTrainer_2.framework in Frameworks */,
			);
			runOnlyForDeploymentPostprocessing = 0;
		};
/* End PBXFrameworksBuildPhase section */

/* Begin PBXGroup section */
		206FDCBE85EC1F030582C762 /* Frameworks */ = {
			isa = PBXGroup;
			children = (
				692980BF67F6D1A7C0F26DDF /* Pods_ezFreeDiveTrainer_2.framework */,
			);
			name = Frameworks;
			sourceTree = "<group>";
		};
		2F2346192599D0F700A6B5AB /* cells */ = {
			isa = PBXGroup;
			children = (
				2F2346162599CD8500A6B5AB /* ReduceTimeCellTableViewCell.swift */,
				2FDFF68D2597927A0022C0F2 /* RTCellTableViewCell.swift */,
			);
			path = cells;
			sourceTree = "<group>";
		};
		2F2D150D259576A100CE6522 /* Controllers */ = {
			isa = PBXGroup;
			children = (
				2F0A61B8259203740006BFE9 /* TrainingModeSelectViewController.swift */,
				2F4C8E56259C5C5B00F551C8 /* DiaryAddNoteViewController.swift */,
				2F2D1516259577E400CE6522 /* LogIn */,
				2F2D15152595778900CE6522 /* Tab */,
				2FF41A1F259581DB006B01AC /* RT */,
				2FF41A20259581E5006B01AC /* RTB */,
				2FF41A212595820B006B01AC /* RS */,
				2FF41A2225958218006B01AC /* RSB */,
			);
			path = Controllers;
			sourceTree = "<group>";
		};
		2F2D150F259576DC00CE6522 /* Views */ = {
			isa = PBXGroup;
			children = (
				2F0A61BC25920E340006BFE9 /* TrainingModeCellTableViewCell.swift */,
				2FCC0E5E259A69B400A47376 /* TrainingModeCell2TableViewCell.swift */,
				2FA2A37C259C1D39005CDA80 /* DiaryCellTableViewCell.swift */,
			);
			name = Views;
			sourceTree = "<group>";
		};
		2F2D15102595772700CE6522 /* Extension */ = {
			isa = PBXGroup;
			children = (
				2F2D15112595774D00CE6522 /* ColorExtension.swift */,
				2FDFF69C2597C1780022C0F2 /* TextExtension.swift */,
				2F8A40F1259AE24E007274DD /* SubFunctions.swift */,
				2F8A40FA259B04A3007274DD /* NotificationName.swift */,
				2F9B575C25A4717200F527CC /* JsonDecode.swift */,
				2F1DDE6C25A788F000FAC05E /* UIImage+Resize.swift */,
			);
			name = Extension;
			sourceTree = "<group>";
		};
		2F2D15152595778900CE6522 /* Tab */ = {
			isa = PBXGroup;
			children = (
				2F79341A25A1B37600D70772 /* History */,
				2F79341725A1B34100D70772 /* Training */,
				2F79341625A1B32800D70772 /* Diary */,
				2F79341925A1B36000D70772 /* Account */,
			);
			name = Tab;
			sourceTree = "<group>";
		};
		2F2D1516259577E400CE6522 /* LogIn */ = {
			isa = PBXGroup;
			children = (
				2F435DEA258C548200AB02B8 /* LogInViewController.swift */,
			);
			path = LogIn;
			sourceTree = "<group>";
		};
		2F2D15172595780100CE6522 /* Manager */ = {
			isa = PBXGroup;
			children = (
				2F435DFE258C85AB00AB02B8 /* FacebookLogInManager.swift */,
				2F435DE7258C541B00AB02B8 /* GDriveManager.swift */,
				2FF41A102595807B006B01AC /* CoreDataHelper.swift */,
				2F79341125A04B9800D70772 /* CircleUIView.swift */,
			);
			name = Manager;
			sourceTree = "<group>";
		};
		2F2D15182595782D00CE6522 /* Datas */ = {
			isa = PBXGroup;
			children = (
				2FDFF69825979D630022C0F2 /* TableData.swift */,
				2F9B575925A470FC00F527CC /* Datas.swift */,
			);
			path = Datas;
			sourceTree = "<group>";
		};
		2F435DBD258C4A8B00AB02B8 = {
			isa = PBXGroup;
			children = (
				2F435DC8258C4A8B00AB02B8 /* ezFreeDiveTrainer_2 */,
				2F435DC7258C4A8B00AB02B8 /* Products */,
				A76033317029AB6F72128AA8 /* Pods */,
				206FDCBE85EC1F030582C762 /* Frameworks */,
			);
			sourceTree = "<group>";
		};
		2F435DC7258C4A8B00AB02B8 /* Products */ = {
			isa = PBXGroup;
			children = (
				2F435DC6258C4A8B00AB02B8 /* ezFreeDiveTrainer_2.app */,
			);
			name = Products;
			sourceTree = "<group>";
		};
		2F435DC8258C4A8B00AB02B8 /* ezFreeDiveTrainer_2 */ = {
			isa = PBXGroup;
			children = (
				2F24285325BAE57400739EA6 /* ezFreeDiveTrainer_2.entitlements */,
				2F435DC9258C4A8B00AB02B8 /* AppDelegate.swift */,
				2F435DCB258C4A8B00AB02B8 /* SceneDelegate.swift */,
				2F435DCD258C4A8B00AB02B8 /* ViewController.swift */,
				2FE429AD25ACA5F700C66503 /* thermometer.json */,
				2FC400D625AD3673003B9405 /* clockLottie.json */,
				2F435DF2258C5CF100AB02B8 /* orgbundID */,
				2F435DCF258C4A8B00AB02B8 /* Main.storyboard */,
				2FDFF69025979C5E0022C0F2 /* Model.xcdatamodeld */,
				2F435DD2258C4A8D00AB02B8 /* Assets.xcassets */,
				2F435DD4258C4A8D00AB02B8 /* LaunchScreen.storyboard */,
				2F435DD7258C4A8D00AB02B8 /* Info.plist */,
				2F2D15182595782D00CE6522 /* Datas */,
				2F2D15172595780100CE6522 /* Manager */,
				2F2D15102595772700CE6522 /* Extension */,
				2F2D150F259576DC00CE6522 /* Views */,
				2F2D150D259576A100CE6522 /* Controllers */,
			);
			path = ezFreeDiveTrainer_2;
			sourceTree = "<group>";
		};
		2F79341625A1B32800D70772 /* Diary */ = {
			isa = PBXGroup;
			children = (
				2F9B575125A45EBB00F527CC /* DiaryCell */,
				2F0A61AD2591E3880006BFE9 /* DiaryViewController.swift */,
				2F7049DE25A32A97007B7543 /* DiaryNoteSetViewController.swift */,
			);
			name = Diary;
			sourceTree = "<group>";
		};
		2F79341725A1B34100D70772 /* Training */ = {
			isa = PBXGroup;
			children = (
				2F0A61A92591E3690006BFE9 /* TrainingViewController.swift */,
			);
			path = Training;
			sourceTree = "<group>";
		};
		2F79341925A1B36000D70772 /* Account */ = {
			isa = PBXGroup;
			children = (
				2F0A61B02591E39D0006BFE9 /* AccountViewController.swift */,
			);
			name = Account;
			sourceTree = "<group>";
		};
		2F79341A25A1B37600D70772 /* History */ = {
			isa = PBXGroup;
			children = (
				2F79341B25A1B3C500D70772 /* HistoryViewController.swift */,
				2F79341E25A1B55800D70772 /* TimelineTableViewCell */,
			);
			path = History;
			sourceTree = "<group>";
		};
		2F79341E25A1B55800D70772 /* TimelineTableViewCell */ = {
			isa = PBXGroup;
			children = (
				2F79341F25A1B55800D70772 /* TimelineTableViewCell.swift */,
				2F79342025A1B55800D70772 /* Timeline.swift */,
				2F79342125A1B55800D70772 /* TimelineTableViewCell.h */,
				2F79342225A1B55800D70772 /* TimelinePoint.swift */,
				2F79342325A1B55800D70772 /* TimelineTableViewCell.xib */,
			);
			path = TimelineTableViewCell;
			sourceTree = "<group>";
		};
		2F9B575125A45EBB00F527CC /* DiaryCell */ = {
			isa = PBXGroup;
			children = (
				2FC556CE25A38DAF001F7876 /* DiaryMyCollectionViewCell.swift */,
				2F9B575625A45F1300F527CC /* WeatherViewController.swift */,
				2F202A2525A551CB0093CD73 /* MoodViewController.swift */,
				2F202A2925A55CBC0093CD73 /* MoodViewCollectionViewCell.swift */,
				2F0A1554259D7CB300D16BD4 /* MapViewController.swift */,
				2F6C301C25ABE73100F8A123 /* EquipViewController.swift */,
			);
			path = DiaryCell;
			sourceTree = "<group>";
		};
		2FF41A1F259581DB006B01AC /* RT */ = {
			isa = PBXGroup;
			children = (
				2F2346192599D0F700A6B5AB /* cells */,
				2F2D15062594B3FA00CE6522 /* ReduceTimeViewController.swift */,
				2F79340E25A04B1E00D70772 /* RTCounterViewController.swift */,
				2FF41A2525958E50006B01AC /* RTSetViewController.swift */,
				2FF41A1325958198006B01AC /* RTTimerViewController.swift */,
			);
			name = RT;
			sourceTree = "<group>";
		};
		2FF41A20259581E5006B01AC /* RTB */ = {
			isa = PBXGroup;
			children = (
				2F2D150A2594B9F800CE6522 /* ReduceTimeBreathViewController.swift */,
				2FF41A16259581AE006B01AC /* RTBTimerViewController.swift */,
			);
			path = RTB;
			sourceTree = "<group>";
		};
		2FF41A212595820B006B01AC /* RS */ = {
			isa = PBXGroup;
			children = (
				2FF419FD25957CDE006B01AC /* ReduceStepViewController.swift */,
				2FF41A19259581BD006B01AC /* RSTimerViewController.swift */,
			);
			name = RS;
			sourceTree = "<group>";
		};
		2FF41A2225958218006B01AC /* RSB */ = {
			isa = PBXGroup;
			children = (
				2FF41A0025957CF4006B01AC /* ReduceStepBreathViewController.swift */,
				2FF41A1C259581CF006B01AC /* RSBTimerViewController.swift */,
			);
			path = RSB;
			sourceTree = "<group>";
		};
		A76033317029AB6F72128AA8 /* Pods */ = {
			isa = PBXGroup;
			children = (
				117AB83AEA8FAE734314CB2E /* Pods-ezFreeDiveTrainer_2.debug.xcconfig */,
				EF712E1D1E17CE435AD56903 /* Pods-ezFreeDiveTrainer_2.release.xcconfig */,
			);
			path = Pods;
			sourceTree = "<group>";
		};
/* End PBXGroup section */

/* Begin PBXNativeTarget section */
		2F435DC5258C4A8B00AB02B8 /* ezFreeDiveTrainer_2 */ = {
			isa = PBXNativeTarget;
			buildConfigurationList = 2F435DDA258C4A8D00AB02B8 /* Build configuration list for PBXNativeTarget "ezFreeDiveTrainer_2" */;
			buildPhases = (
				E0C91C1CFC884766BA14191E /* [CP] Check Pods Manifest.lock */,
				2F435DC2258C4A8B00AB02B8 /* Sources */,
				2F435DC3258C4A8B00AB02B8 /* Frameworks */,
				2F435DC4258C4A8B00AB02B8 /* Resources */,
				A7F4AE76EBBA46939CDB02F9 /* [CP] Embed Pods Frameworks */,
				C154D4B7A08E4499704E585F /* [CP] Copy Pods Resources */,
			);
			buildRules = (
			);
			dependencies = (
			);
			name = ezFreeDiveTrainer_2;
			productName = ezFreeDiveTrainer_2;
			productReference = 2F435DC6258C4A8B00AB02B8 /* ezFreeDiveTrainer_2.app */;
			productType = "com.apple.product-type.application";
		};
/* End PBXNativeTarget section */

/* Begin PBXProject section */
		2F435DBE258C4A8B00AB02B8 /* Project object */ = {
			isa = PBXProject;
			attributes = {
				LastSwiftUpdateCheck = 1230;
				LastUpgradeCheck = 1230;
				TargetAttributes = {
					2F435DC5258C4A8B00AB02B8 = {
						CreatedOnToolsVersion = 12.3;
					};
				};
			};
			buildConfigurationList = 2F435DC1258C4A8B00AB02B8 /* Build configuration list for PBXProject "ezFreeDiveTrainer_2" */;
			compatibilityVersion = "Xcode 9.3";
			developmentRegion = en;
			hasScannedForEncodings = 0;
			knownRegions = (
				en,
				Base,
			);
			mainGroup = 2F435DBD258C4A8B00AB02B8;
			productRefGroup = 2F435DC7258C4A8B00AB02B8 /* Products */;
			projectDirPath = "";
			projectRoot = "";
			targets = (
				2F435DC5258C4A8B00AB02B8 /* ezFreeDiveTrainer_2 */,
			);
		};
/* End PBXProject section */

/* Begin PBXResourcesBuildPhase section */
		2F435DC4258C4A8B00AB02B8 /* Resources */ = {
			isa = PBXResourcesBuildPhase;
			buildActionMask = 2147483647;
			files = (
				2F435DD6258C4A8D00AB02B8 /* LaunchScreen.storyboard in Resources */,
				2F435DD3258C4A8D00AB02B8 /* Assets.xcassets in Resources */,
				2F79342825A1B55800D70772 /* TimelineTableViewCell.xib in Resources */,
				2F435DD1258C4A8B00AB02B8 /* Main.storyboard in Resources */,
				2FE429AE25ACA5F700C66503 /* thermometer.json in Resources */,
				2F435DF3258C5CF100AB02B8 /* orgbundID in Resources */,
				2FC400D725AD3673003B9405 /* clockLottie.json in Resources */,
			);
			runOnlyForDeploymentPostprocessing = 0;
		};
/* End PBXResourcesBuildPhase section */

/* Begin PBXShellScriptBuildPhase section */
		A7F4AE76EBBA46939CDB02F9 /* [CP] Embed Pods Frameworks */ = {
			isa = PBXShellScriptBuildPhase;
			buildActionMask = 2147483647;
			files = (
			);
			inputFileListPaths = (
				"${PODS_ROOT}/Target Support Files/Pods-ezFreeDiveTrainer_2/Pods-ezFreeDiveTrainer_2-frameworks-${CONFIGURATION}-input-files.xcfilelist",
			);
			name = "[CP] Embed Pods Frameworks";
			outputFileListPaths = (
				"${PODS_ROOT}/Target Support Files/Pods-ezFreeDiveTrainer_2/Pods-ezFreeDiveTrainer_2-frameworks-${CONFIGURATION}-output-files.xcfilelist",
			);
			runOnlyForDeploymentPostprocessing = 0;
			shellPath = /bin/sh;
			shellScript = "\"${PODS_ROOT}/Target Support Files/Pods-ezFreeDiveTrainer_2/Pods-ezFreeDiveTrainer_2-frameworks.sh\"\n";
			showEnvVarsInLog = 0;
		};
		C154D4B7A08E4499704E585F /* [CP] Copy Pods Resources */ = {
			isa = PBXShellScriptBuildPhase;
			buildActionMask = 2147483647;
			files = (
			);
			inputFileListPaths = (
				"${PODS_ROOT}/Target Support Files/Pods-ezFreeDiveTrainer_2/Pods-ezFreeDiveTrainer_2-resources-${CONFIGURATION}-input-files.xcfilelist",
			);
			name = "[CP] Copy Pods Resources";
			outputFileListPaths = (
				"${PODS_ROOT}/Target Support Files/Pods-ezFreeDiveTrainer_2/Pods-ezFreeDiveTrainer_2-resources-${CONFIGURATION}-output-files.xcfilelist",
			);
			runOnlyForDeploymentPostprocessing = 0;
			shellPath = /bin/sh;
			shellScript = "\"${PODS_ROOT}/Target Support Files/Pods-ezFreeDiveTrainer_2/Pods-ezFreeDiveTrainer_2-resources.sh\"\n";
			showEnvVarsInLog = 0;
		};
		E0C91C1CFC884766BA14191E /* [CP] Check Pods Manifest.lock */ = {
			isa = PBXShellScriptBuildPhase;
			buildActionMask = 2147483647;
			files = (
			);
			inputFileListPaths = (
			);
			inputPaths = (
				"${PODS_PODFILE_DIR_PATH}/Podfile.lock",
				"${PODS_ROOT}/Manifest.lock",
			);
			name = "[CP] Check Pods Manifest.lock";
			outputFileListPaths = (
			);
			outputPaths = (
				"$(DERIVED_FILE_DIR)/Pods-ezFreeDiveTrainer_2-checkManifestLockResult.txt",
			);
			runOnlyForDeploymentPostprocessing = 0;
			shellPath = /bin/sh;
			shellScript = "diff \"${PODS_PODFILE_DIR_PATH}/Podfile.lock\" \"${PODS_ROOT}/Manifest.lock\" > /dev/null\nif [ $? != 0 ] ; then\n    # print error to STDERR\n    echo \"error: The sandbox is not in sync with the Podfile.lock. Run 'pod install' or update your CocoaPods installation.\" >&2\n    exit 1\nfi\n# This output is used by Xcode 'outputs' to avoid re-running this script phase.\necho \"SUCCESS\" > \"${SCRIPT_OUTPUT_FILE_0}\"\n";
			showEnvVarsInLog = 0;
		};
/* End PBXShellScriptBuildPhase section */

/* Begin PBXSourcesBuildPhase section */
		2F435DC2258C4A8B00AB02B8 /* Sources */ = {
			isa = PBXSourcesBuildPhase;
			buildActionMask = 2147483647;
			files = (
				2F79340F25A04B1E00D70772 /* RTCounterViewController.swift in Sources */,
				2F2346172599CD8500A6B5AB /* ReduceTimeCellTableViewCell.swift in Sources */,
				2F202A2A25A55CBC0093CD73 /* MoodViewCollectionViewCell.swift in Sources */,
				2F435DCE258C4A8B00AB02B8 /* ViewController.swift in Sources */,
				2F79341225A04B9800D70772 /* CircleUIView.swift in Sources */,
				2FDFF69D2597C1780022C0F2 /* TextExtension.swift in Sources */,
				2F435DFF258C85AB00AB02B8 /* FacebookLogInManager.swift in Sources */,
				2FA2A37D259C1D39005CDA80 /* DiaryCellTableViewCell.swift in Sources */,
				2F435DCA258C4A8B00AB02B8 /* AppDelegate.swift in Sources */,
				2F79341C25A1B3C500D70772 /* HistoryViewController.swift in Sources */,
				2FF41A1D259581CF006B01AC /* RSBTimerViewController.swift in Sources */,
				2F0A61B9259203740006BFE9 /* TrainingModeSelectViewController.swift in Sources */,
				2FDFF68E2597927A0022C0F2 /* RTCellTableViewCell.swift in Sources */,
				2F7049DF25A32A97007B7543 /* DiaryNoteSetViewController.swift in Sources */,
				2FF41A112595807B006B01AC /* CoreDataHelper.swift in Sources */,
				2F6C301D25ABE73100F8A123 /* EquipViewController.swift in Sources */,
				2F2D15072594B3FA00CE6522 /* ReduceTimeViewController.swift in Sources */,
				2F4C8E57259C5C5B00F551C8 /* DiaryAddNoteViewController.swift in Sources */,
				2F0A1555259D7CB300D16BD4 /* MapViewController.swift in Sources */,
				2F2D15122595774D00CE6522 /* ColorExtension.swift in Sources */,
				2F1DDE6D25A788F000FAC05E /* UIImage+Resize.swift in Sources */,
				2F435DE8258C541B00AB02B8 /* GDriveManager.swift in Sources */,
				2F79342525A1B55800D70772 /* TimelineTableViewCell.swift in Sources */,
				2F0A61AE2591E3880006BFE9 /* DiaryViewController.swift in Sources */,
				2FF41A0125957CF4006B01AC /* ReduceStepBreathViewController.swift in Sources */,
				2FF41A1425958198006B01AC /* RTTimerViewController.swift in Sources */,
				2FF41A1A259581BD006B01AC /* RSTimerViewController.swift in Sources */,
				2F435DEB258C548200AB02B8 /* LogInViewController.swift in Sources */,
				2FF41A2625958E50006B01AC /* RTSetViewController.swift in Sources */,
				2F202A2625A551CB0093CD73 /* MoodViewController.swift in Sources */,
				2F9B575725A45F1300F527CC /* WeatherViewController.swift in Sources */,
				2F435DCC258C4A8B00AB02B8 /* SceneDelegate.swift in Sources */,
				2F0A61AA2591E3690006BFE9 /* TrainingViewController.swift in Sources */,
				2FF41A17259581AF006B01AC /* RTBTimerViewController.swift in Sources */,
				2F9B575D25A4717200F527CC /* JsonDecode.swift in Sources */,
				2FCC0E5F259A69B400A47376 /* TrainingModeCell2TableViewCell.swift in Sources */,
				2FDFF69925979D630022C0F2 /* TableData.swift in Sources */,
				2F8A40FB259B04A3007274DD /* NotificationName.swift in Sources */,
				2F8A40F2259AE24E007274DD /* SubFunctions.swift in Sources */,
				2F0A61B12591E39D0006BFE9 /* AccountViewController.swift in Sources */,
				2F0A61BD25920E340006BFE9 /* TrainingModeCellTableViewCell.swift in Sources */,
				2FC556CF25A38DAF001F7876 /* DiaryMyCollectionViewCell.swift in Sources */,
				2F9B575A25A470FC00F527CC /* Datas.swift in Sources */,
				2FDFF69225979C5E0022C0F2 /* Model.xcdatamodeld in Sources */,
				2F79342625A1B55800D70772 /* Timeline.swift in Sources */,
				2F2D150B2594B9F800CE6522 /* ReduceTimeBreathViewController.swift in Sources */,
				2FF419FE25957CDE006B01AC /* ReduceStepViewController.swift in Sources */,
				2F79342725A1B55800D70772 /* TimelinePoint.swift in Sources */,
			);
			runOnlyForDeploymentPostprocessing = 0;
		};
/* End PBXSourcesBuildPhase section */

/* Begin PBXVariantGroup section */
		2F435DCF258C4A8B00AB02B8 /* Main.storyboard */ = {
			isa = PBXVariantGroup;
			children = (
				2F435DD0258C4A8B00AB02B8 /* Base */,
			);
			name = Main.storyboard;
			sourceTree = "<group>";
		};
		2F435DD4258C4A8D00AB02B8 /* LaunchScreen.storyboard */ = {
			isa = PBXVariantGroup;
			children = (
				2F435DD5258C4A8D00AB02B8 /* Base */,
			);
			name = LaunchScreen.storyboard;
			sourceTree = "<group>";
		};
/* End PBXVariantGroup section */

/* Begin XCBuildConfiguration section */
		2F435DD8258C4A8D00AB02B8 /* Debug */ = {
			isa = XCBuildConfiguration;
			buildSettings = {
				ALWAYS_SEARCH_USER_PATHS = NO;
				CLANG_ANALYZER_NONNULL = YES;
				CLANG_ANALYZER_NUMBER_OBJECT_CONVERSION = YES_AGGRESSIVE;
				CLANG_CXX_LANGUAGE_STANDARD = "gnu++14";
				CLANG_CXX_LIBRARY = "libc++";
				CLANG_ENABLE_MODULES = YES;
				CLANG_ENABLE_OBJC_ARC = YES;
				CLANG_ENABLE_OBJC_WEAK = YES;
				CLANG_WARN_BLOCK_CAPTURE_AUTORELEASING = YES;
				CLANG_WARN_BOOL_CONVERSION = YES;
				CLANG_WARN_COMMA = YES;
				CLANG_WARN_CONSTANT_CONVERSION = YES;
				CLANG_WARN_DEPRECATED_OBJC_IMPLEMENTATIONS = YES;
				CLANG_WARN_DIRECT_OBJC_ISA_USAGE = YES_ERROR;
				CLANG_WARN_DOCUMENTATION_COMMENTS = YES;
				CLANG_WARN_EMPTY_BODY = YES;
				CLANG_WARN_ENUM_CONVERSION = YES;
				CLANG_WARN_INFINITE_RECURSION = YES;
				CLANG_WARN_INT_CONVERSION = YES;
				CLANG_WARN_NON_LITERAL_NULL_CONVERSION = YES;
				CLANG_WARN_OBJC_IMPLICIT_RETAIN_SELF = YES;
				CLANG_WARN_OBJC_LITERAL_CONVERSION = YES;
				CLANG_WARN_OBJC_ROOT_CLASS = YES_ERROR;
				CLANG_WARN_QUOTED_INCLUDE_IN_FRAMEWORK_HEADER = YES;
				CLANG_WARN_RANGE_LOOP_ANALYSIS = YES;
				CLANG_WARN_STRICT_PROTOTYPES = YES;
				CLANG_WARN_SUSPICIOUS_MOVE = YES;
				CLANG_WARN_UNGUARDED_AVAILABILITY = YES_AGGRESSIVE;
				CLANG_WARN_UNREACHABLE_CODE = YES;
				CLANG_WARN__DUPLICATE_METHOD_MATCH = YES;
				COPY_PHASE_STRIP = NO;
				DEBUG_INFORMATION_FORMAT = dwarf;
				ENABLE_STRICT_OBJC_MSGSEND = YES;
				ENABLE_TESTABILITY = YES;
				GCC_C_LANGUAGE_STANDARD = gnu11;
				GCC_DYNAMIC_NO_PIC = NO;
				GCC_NO_COMMON_BLOCKS = YES;
				GCC_OPTIMIZATION_LEVEL = 0;
				GCC_PREPROCESSOR_DEFINITIONS = (
					"DEBUG=1",
					"$(inherited)",
				);
				GCC_WARN_64_TO_32_BIT_CONVERSION = YES;
				GCC_WARN_ABOUT_RETURN_TYPE = YES_ERROR;
				GCC_WARN_UNDECLARED_SELECTOR = YES;
				GCC_WARN_UNINITIALIZED_AUTOS = YES_AGGRESSIVE;
				GCC_WARN_UNUSED_FUNCTION = YES;
				GCC_WARN_UNUSED_VARIABLE = YES;
				IPHONEOS_DEPLOYMENT_TARGET = 14.3;
				MTL_ENABLE_DEBUG_INFO = INCLUDE_SOURCE;
				MTL_FAST_MATH = YES;
				ONLY_ACTIVE_ARCH = YES;
				SDKROOT = iphoneos;
				SWIFT_ACTIVE_COMPILATION_CONDITIONS = DEBUG;
				SWIFT_OPTIMIZATION_LEVEL = "-Onone";
			};
			name = Debug;
		};
		2F435DD9258C4A8D00AB02B8 /* Release */ = {
			isa = XCBuildConfiguration;
			buildSettings = {
				ALWAYS_SEARCH_USER_PATHS = NO;
				CLANG_ANALYZER_NONNULL = YES;
				CLANG_ANALYZER_NUMBER_OBJECT_CONVERSION = YES_AGGRESSIVE;
				CLANG_CXX_LANGUAGE_STANDARD = "gnu++14";
				CLANG_CXX_LIBRARY = "libc++";
				CLANG_ENABLE_MODULES = YES;
				CLANG_ENABLE_OBJC_ARC = YES;
				CLANG_ENABLE_OBJC_WEAK = YES;
				CLANG_WARN_BLOCK_CAPTURE_AUTORELEASING = YES;
				CLANG_WARN_BOOL_CONVERSION = YES;
				CLANG_WARN_COMMA = YES;
				CLANG_WARN_CONSTANT_CONVERSION = YES;
				CLANG_WARN_DEPRECATED_OBJC_IMPLEMENTATIONS = YES;
				CLANG_WARN_DIRECT_OBJC_ISA_USAGE = YES_ERROR;
				CLANG_WARN_DOCUMENTATION_COMMENTS = YES;
				CLANG_WARN_EMPTY_BODY = YES;
				CLANG_WARN_ENUM_CONVERSION = YES;
				CLANG_WARN_INFINITE_RECURSION = YES;
				CLANG_WARN_INT_CONVERSION = YES;
				CLANG_WARN_NON_LITERAL_NULL_CONVERSION = YES;
				CLANG_WARN_OBJC_IMPLICIT_RETAIN_SELF = YES;
				CLANG_WARN_OBJC_LITERAL_CONVERSION = YES;
				CLANG_WARN_OBJC_ROOT_CLASS = YES_ERROR;
				CLANG_WARN_QUOTED_INCLUDE_IN_FRAMEWORK_HEADER = YES;
				CLANG_WARN_RANGE_LOOP_ANALYSIS = YES;
				CLANG_WARN_STRICT_PROTOTYPES = YES;
				CLANG_WARN_SUSPICIOUS_MOVE = YES;
				CLANG_WARN_UNGUARDED_AVAILABILITY = YES_AGGRESSIVE;
				CLANG_WARN_UNREACHABLE_CODE = YES;
				CLANG_WARN__DUPLICATE_METHOD_MATCH = YES;
				COPY_PHASE_STRIP = NO;
				DEBUG_INFORMATION_FORMAT = "dwarf-with-dsym";
				ENABLE_NS_ASSERTIONS = NO;
				ENABLE_STRICT_OBJC_MSGSEND = YES;
				GCC_C_LANGUAGE_STANDARD = gnu11;
				GCC_NO_COMMON_BLOCKS = YES;
				GCC_WARN_64_TO_32_BIT_CONVERSION = YES;
				GCC_WARN_ABOUT_RETURN_TYPE = YES_ERROR;
				GCC_WARN_UNDECLARED_SELECTOR = YES;
				GCC_WARN_UNINITIALIZED_AUTOS = YES_AGGRESSIVE;
				GCC_WARN_UNUSED_FUNCTION = YES;
				GCC_WARN_UNUSED_VARIABLE = YES;
				IPHONEOS_DEPLOYMENT_TARGET = 14.3;
				MTL_ENABLE_DEBUG_INFO = NO;
				MTL_FAST_MATH = YES;
				SDKROOT = iphoneos;
				SWIFT_COMPILATION_MODE = wholemodule;
				SWIFT_OPTIMIZATION_LEVEL = "-O";
				VALIDATE_PRODUCT = YES;
			};
			name = Release;
		};
		2F435DDB258C4A8D00AB02B8 /* Debug */ = {
			isa = XCBuildConfiguration;
			baseConfigurationReference = 117AB83AEA8FAE734314CB2E /* Pods-ezFreeDiveTrainer_2.debug.xcconfig */;
			buildSettings = {
				ASSETCATALOG_COMPILER_APPICON_NAME = AppIcon;
				ASSETCATALOG_COMPILER_GLOBAL_ACCENT_COLOR_NAME = AccentColor;
				CODE_SIGN_ENTITLEMENTS = ezFreeDiveTrainer_2/ezFreeDiveTrainer_2.entitlements;
				CODE_SIGN_STYLE = Automatic;
				DEVELOPMENT_TEAM = 97QUS33ART;
				INFOPLIST_FILE = ezFreeDiveTrainer_2/Info.plist;
				IPHONEOS_DEPLOYMENT_TARGET = 14.0;
				LD_RUNPATH_SEARCH_PATHS = (
					"$(inherited)",
					"@executable_path/Frameworks",
				);
				PRODUCT_BUNDLE_IDENTIFIER = com.tyler.ezFreeDiveTrainer23;
				PRODUCT_NAME = "$(TARGET_NAME)";
				SWIFT_VERSION = 5.0;
				TARGETED_DEVICE_FAMILY = 1;
			};
			name = Debug;
		};
		2F435DDC258C4A8D00AB02B8 /* Release */ = {
			isa = XCBuildConfiguration;
			baseConfigurationReference = EF712E1D1E17CE435AD56903 /* Pods-ezFreeDiveTrainer_2.release.xcconfig */;
			buildSettings = {
				ASSETCATALOG_COMPILER_APPICON_NAME = AppIcon;
				ASSETCATALOG_COMPILER_GLOBAL_ACCENT_COLOR_NAME = AccentColor;
				CODE_SIGN_ENTITLEMENTS = ezFreeDiveTrainer_2/ezFreeDiveTrainer_2.entitlements;
				CODE_SIGN_STYLE = Automatic;
				DEVELOPMENT_TEAM = 97QUS33ART;
				INFOPLIST_FILE = ezFreeDiveTrainer_2/Info.plist;
				IPHONEOS_DEPLOYMENT_TARGET = 14.0;
				LD_RUNPATH_SEARCH_PATHS = (
					"$(inherited)",
					"@executable_path/Frameworks",
				);
				PRODUCT_BUNDLE_IDENTIFIER = com.tyler.ezFreeDiveTrainer23;
				PRODUCT_NAME = "$(TARGET_NAME)";
				SWIFT_VERSION = 5.0;
				TARGETED_DEVICE_FAMILY = 1;
			};
			name = Release;
		};
/* End XCBuildConfiguration section */

/* Begin XCConfigurationList section */
		2F435DC1258C4A8B00AB02B8 /* Build configuration list for PBXProject "ezFreeDiveTrainer_2" */ = {
			isa = XCConfigurationList;
			buildConfigurations = (
				2F435DD8258C4A8D00AB02B8 /* Debug */,
				2F435DD9258C4A8D00AB02B8 /* Release */,
			);
			defaultConfigurationIsVisible = 0;
			defaultConfigurationName = Release;
		};
		2F435DDA258C4A8D00AB02B8 /* Build configuration list for PBXNativeTarget "ezFreeDiveTrainer_2" */ = {
			isa = XCConfigurationList;
			buildConfigurations = (
				2F435DDB258C4A8D00AB02B8 /* Debug */,
				2F435DDC258C4A8D00AB02B8 /* Release */,
			);
			defaultConfigurationIsVisible = 0;
			defaultConfigurationName = Release;
		};
/* End XCConfigurationList section */

/* Begin XCVersionGroup section */
		2FDFF69025979C5E0022C0F2 /* Model.xcdatamodeld */ = {
			isa = XCVersionGroup;
			children = (
				2FDFF69125979C5E0022C0F2 /* Model.xcdatamodel */,
			);
			currentVersion = 2FDFF69125979C5E0022C0F2 /* Model.xcdatamodel */;
			path = Model.xcdatamodeld;
			sourceTree = "<group>";
			versionGroupType = wrapper.xcdatamodel;
		};
/* End XCVersionGroup section */
	};
	rootObject = 2F435DBE258C4A8B00AB02B8 /* Project object */;
}
